
Microsoft Visual Studio Solution File, Format Version 12.00
# Visual Studio Version 16
VisualStudioVersion = 16.0.31727.386
MinimumVisualStudioVersion = 10.0.40219.1
Project("{FAE04EC0-301F-11D3-BF4B-00C04F79EFBC}") = "SampleMVCApp", "SampleMVCApp\SampleMVCApp.csproj", "{64BCEB10-C9A9-4CA5-9014-3A246BC80469}"
EndProject
Project("{FAE04EC0-301F-11D3-BF4B-00C04F79EFBC}") = "BusinessLayer", "BusinessLayer\BusinessLayer.csproj", "{3189FDB1-E374-4378-8E29-CE46AD75E12D}"
EndProject
Global
	GlobalSection(SolutionConfigurationPlatforms) = preSolution
		Debug|Any CPU = Debug|Any CPU
		Release|Any CPU = Release|Any CPU
	EndGlobalSection
	GlobalSection(ProjectConfigurationPlatforms) = postSolution
		{64BCEB10-C9A9-4CA5-9014-3A246BC80469}.Debug|Any CPU.ActiveCfg = Debug|Any CPU
		{64BCEB10-C9A9-4CA5-9014-3A246BC80469}.Debug|Any CPU.Build.0 = Debug|Any CPU
		{64BCEB10-C9A9-4CA5-9014-3A246BC80469}.Release|Any CPU.ActiveCfg = Release|Any CPU
		{64BCEB10-C9A9-4CA5-9014-3A246BC80469}.Release|Any CPU.Build.0 = Release|Any CPU
		{3189FDB1-E374-4378-8E29-CE46AD75E12D}.Debug|Any CPU.ActiveCfg = Debug|Any CPU
		{3189FDB1-E374-4378-8E29-CE46AD75E12D}.Debug|Any CPU.Build.0 = Debug|Any CPU
		{3189FDB1-E374-4378-8E29-CE46AD75E12D}.Release|Any CPU.ActiveCfg = Release|Any CPU
		{3189FDB1-E374-4378-8E29-CE46AD75E12D}.Release|Any CPU.Build.0 = Release|Any CPU
	EndGlobalSection
	GlobalSection(SolutionProperties) = preSolution
		HideSolutionNode = FALSE
	EndGlobalSection
	GlobalSection(ExtensibilityGlobals) = postSolution
		SolutionGuid = {8991CCEA-0104-4F00-B245-43B15058604E}
	EndGlobalSection
EndGlobal
